
Microsoft Visual Studio Solution File, Format Version 12.00
# Visual Studio Version 16
VisualStudioVersion = 16.0.31019.35
MinimumVisualStudioVersion = 10.0.40219.1
Project("{FAE04EC0-301F-11D3-BF4B-00C04F79EFBC}") = "Notes-MarketPlace", "Notes-MarketPlace.csproj", "{2EB36576-A043-4262-B5C1-71004F04EEB6}"
EndProject
Global
	GlobalSection(SolutionConfigurationPlatforms) = preSolution
		Debug|Any CPU = Debug|Any CPU
		Release|Any CPU = Release|Any CPU
	EndGlobalSection
	GlobalSection(ProjectConfigurationPlatforms) = postSolution
		{2EB36576-A043-4262-B5C1-71004F04EEB6}.Debug|Any CPU.ActiveCfg = Debug|Any CPU
		{2EB36576-A043-4262-B5C1-71004F04EEB6}.Debug|Any CPU.Build.0 = Debug|Any CPU
		{2EB36576-A043-4262-B5C1-71004F04EEB6}.Release|Any CPU.ActiveCfg = Release|Any CPU
		{2EB36576-A043-4262-B5C1-71004F04EEB6}.Release|Any CPU.Build.0 = Release|Any CPU
	EndGlobalSection
	GlobalSection(SolutionProperties) = preSolution
		HideSolutionNode = FALSE
	EndGlobalSection
	GlobalSection(ExtensibilityGlobals) = postSolution
		SolutionGuid = {E7647C2F-D4B5-42A6-BDDF-CA47E18F90E6}
	EndGlobalSection
EndGlobal
